// !$*UTF8*$!
{
	archiveVersion = 1;
	classes = {
	};
	objectVersion = 50;
	objects = {

/* Begin PBXBuildFile section */
		877999D124B8B3AD00249C83 /* AppDelegate.swift in Sources */ = {isa = PBXBuildFile; fileRef = 877999D024B8B3AD00249C83 /* AppDelegate.swift */; };
		877999D324B8B3AD00249C83 /* SceneDelegate.swift in Sources */ = {isa = PBXBuildFile; fileRef = 877999D224B8B3AD00249C83 /* SceneDelegate.swift */; };
		877999D524B8B3AD00249C83 /* ViewController.swift in Sources */ = {isa = PBXBuildFile; fileRef = 877999D424B8B3AD00249C83 /* ViewController.swift */; };
		877999D824B8B3AD00249C83 /* Main.storyboard in Resources */ = {isa = PBXBuildFile; fileRef = 877999D624B8B3AD00249C83 /* Main.storyboard */; };
		877999DA24B8B3AD00249C83 /* Assets.xcassets in Resources */ = {isa = PBXBuildFile; fileRef = 877999D924B8B3AD00249C83 /* Assets.xcassets */; };
		877999DD24B8B3AD00249C83 /* LaunchScreen.storyboard in Resources */ = {isa = PBXBuildFile; fileRef = 877999DB24B8B3AD00249C83 /* LaunchScreen.storyboard */; };
		87799A1824B8B61300249C83 /* WidgetKit.framework in Frameworks */ = {isa = PBXBuildFile; fileRef = 877999EA24B8B3C200249C83 /* WidgetKit.framework */; };
		87799A1924B8B61300249C83 /* SwiftUI.framework in Frameworks */ = {isa = PBXBuildFile; fileRef = 877999EC24B8B3C200249C83 /* SwiftUI.framework */; };
		87799A1C24B8B61300249C83 /* MyWidget.swift in Sources */ = {isa = PBXBuildFile; fileRef = 87799A1B24B8B61300249C83 /* MyWidget.swift */; };
		87799A1E24B8B61400249C83 /* Assets.xcassets in Resources */ = {isa = PBXBuildFile; fileRef = 87799A1D24B8B61400249C83 /* Assets.xcassets */; };
		87799A2224B8B61400249C83 /* MyWidgetExtension.appex in Embed App Extensions */ = {isa = PBXBuildFile; fileRef = 87799A1724B8B61300249C83 /* MyWidgetExtension.appex */; settings = {ATTRIBUTES = (RemoveHeadersOnCopy, ); }; };
		87799A2624B8B67700249C83 /* din1451alt.ttf in Resources */ = {isa = PBXBuildFile; fileRef = 877999FE24B8B3DA00249C83 /* din1451alt.ttf */; };
/* End PBXBuildFile section */

/* Begin PBXContainerItemProxy section */
		87799A2024B8B61400249C83 /* PBXContainerItemProxy */ = {
			isa = PBXContainerItemProxy;
			containerPortal = 877999C524B8B3AC00249C83 /* Project object */;
			proxyType = 1;
			remoteGlobalIDString = 87799A1624B8B61300249C83;
			remoteInfo = MyWidgetExtension;
		};
/* End PBXContainerItemProxy section */

/* Begin PBXCopyFilesBuildPhase section */
		877999FD24B8B3C300249C83 /* Embed App Extensions */ = {
			isa = PBXCopyFilesBuildPhase;
			buildActionMask = 2147483647;
			dstPath = "";
			dstSubfolderSpec = 13;
			files = (
				87799A2224B8B61400249C83 /* MyWidgetExtension.appex in Embed App Extensions */,
			);
			name = "Embed App Extensions";
			runOnlyForDeploymentPostprocessing = 0;
		};
/* End PBXCopyFilesBuildPhase section */

/* Begin PBXFileReference section */
		877999CD24B8B3AD00249C83 /* CustomFontInWidget.app */ = {isa = PBXFileReference; explicitFileType = wrapper.application; includeInIndex = 0; path = CustomFontInWidget.app; sourceTree = BUILT_PRODUCTS_DIR; };
		877999D024B8B3AD00249C83 /* AppDelegate.swift */ = {isa = PBXFileReference; lastKnownFileType = sourcecode.swift; path = AppDelegate.swift; sourceTree = "<group>"; };
		877999D224B8B3AD00249C83 /* SceneDelegate.swift */ = {isa = PBXFileReference; lastKnownFileType = sourcecode.swift; path = SceneDelegate.swift; sourceTree = "<group>"; };
		877999D424B8B3AD00249C83 /* ViewController.swift */ = {isa = PBXFileReference; lastKnownFileType = sourcecode.swift; path = ViewController.swift; sourceTree = "<group>"; };
		877999D724B8B3AD00249C83 /* Base */ = {isa = PBXFileReference; lastKnownFileType = file.storyboard; name = Base; path = Base.lproj/Main.storyboard; sourceTree = "<group>"; };
		877999D924B8B3AD00249C83 /* Assets.xcassets */ = {isa = PBXFileReference; lastKnownFileType = folder.assetcatalog; path = Assets.xcassets; sourceTree = "<group>"; };
		877999DC24B8B3AD00249C83 /* Base */ = {isa = PBXFileReference; lastKnownFileType = file.storyboard; name = Base; path = Base.lproj/LaunchScreen.storyboard; sourceTree = "<group>"; };
		877999DE24B8B3AD00249C83 /* Info.plist */ = {isa = PBXFileReference; lastKnownFileType = text.plist.xml; path = Info.plist; sourceTree = "<group>"; };
		877999EA24B8B3C200249C83 /* WidgetKit.framework */ = {isa = PBXFileReference; lastKnownFileType = wrapper.framework; name = WidgetKit.framework; path = System/Library/Frameworks/WidgetKit.framework; sourceTree = SDKROOT; };
		877999EC24B8B3C200249C83 /* SwiftUI.framework */ = {isa = PBXFileReference; lastKnownFileType = wrapper.framework; name = SwiftUI.framework; path = System/Library/Frameworks/SwiftUI.framework; sourceTree = SDKROOT; };
		877999FE24B8B3DA00249C83 /* din1451alt.ttf */ = {isa = PBXFileReference; lastKnownFileType = file; path = din1451alt.ttf; sourceTree = "<group>"; };
		87799A1724B8B61300249C83 /* MyWidgetExtension.appex */ = {isa = PBXFileReference; explicitFileType = "wrapper.app-extension"; includeInIndex = 0; path = MyWidgetExtension.appex; sourceTree = BUILT_PRODUCTS_DIR; };
		87799A1B24B8B61300249C83 /* MyWidget.swift */ = {isa = PBXFileReference; lastKnownFileType = sourcecode.swift; path = MyWidget.swift; sourceTree = "<group>"; };
		87799A1D24B8B61400249C83 /* Assets.xcassets */ = {isa = PBXFileReference; lastKnownFileType = folder.assetcatalog; path = Assets.xcassets; sourceTree = "<group>"; };
		87799A1F24B8B61400249C83 /* Info.plist */ = {isa = PBXFileReference; lastKnownFileType = text.plist.xml; path = Info.plist; sourceTree = "<group>"; };
/* End PBXFileReference section */

/* Begin PBXFrameworksBuildPhase section */
		877999CA24B8B3AD00249C83 /* Frameworks */ = {
			isa = PBXFrameworksBuildPhase;
			buildActionMask = 2147483647;
			files = (
			);
			runOnlyForDeploymentPostprocessing = 0;
		};
		87799A1424B8B61300249C83 /* Frameworks */ = {
			isa = PBXFrameworksBuildPhase;
			buildActionMask = 2147483647;
			files = (
				87799A1924B8B61300249C83 /* SwiftUI.framework in Frameworks */,
				87799A1824B8B61300249C83 /* WidgetKit.framework in Frameworks */,
			);
			runOnlyForDeploymentPostprocessing = 0;
		};
/* End PBXFrameworksBuildPhase section */

/* Begin PBXGroup section */
		877999C424B8B3AC00249C83 = {
			isa = PBXGroup;
			children = (
				877999CF24B8B3AD00249C83 /* CustomFontInWidget */,
				87799A1A24B8B61300249C83 /* MyWidget */,
				877999E924B8B3C200249C83 /* Frameworks */,
				877999CE24B8B3AD00249C83 /* Products */,
			);
			sourceTree = "<group>";
		};
		877999CE24B8B3AD00249C83 /* Products */ = {
			isa = PBXGroup;
			children = (
				877999CD24B8B3AD00249C83 /* CustomFontInWidget.app */,
				87799A1724B8B61300249C83 /* MyWidgetExtension.appex */,
			);
			name = Products;
			sourceTree = "<group>";
		};
		877999CF24B8B3AD00249C83 /* CustomFontInWidget */ = {
			isa = PBXGroup;
			children = (
				877999D024B8B3AD00249C83 /* AppDelegate.swift */,
				877999D224B8B3AD00249C83 /* SceneDelegate.swift */,
				877999D424B8B3AD00249C83 /* ViewController.swift */,
				877999D624B8B3AD00249C83 /* Main.storyboard */,
				877999FE24B8B3DA00249C83 /* din1451alt.ttf */,
				877999D924B8B3AD00249C83 /* Assets.xcassets */,
				877999DB24B8B3AD00249C83 /* LaunchScreen.storyboard */,
				877999DE24B8B3AD00249C83 /* Info.plist */,
			);
			path = CustomFontInWidget;
			sourceTree = "<group>";
		};
		877999E924B8B3C200249C83 /* Frameworks */ = {
			isa = PBXGroup;
			children = (
				877999EA24B8B3C200249C83 /* WidgetKit.framework */,
				877999EC24B8B3C200249C83 /* SwiftUI.framework */,
			);
			name = Frameworks;
			sourceTree = "<group>";
		};
		87799A1A24B8B61300249C83 /* MyWidget */ = {
			isa = PBXGroup;
			children = (
				87799A1B24B8B61300249C83 /* MyWidget.swift */,
				87799A1D24B8B61400249C83 /* Assets.xcassets */,
				87799A1F24B8B61400249C83 /* Info.plist */,
			);
			path = MyWidget;
			sourceTree = "<group>";
		};
/* End PBXGroup section */

/* Begin PBXNativeTarget section */
		877999CC24B8B3AD00249C83 /* CustomFontInWidget */ = {
			isa = PBXNativeTarget;
			buildConfigurationList = 877999E124B8B3AD00249C83 /* Build configuration list for PBXNativeTarget "CustomFontInWidget" */;
			buildPhases = (
				877999C924B8B3AD00249C83 /* Sources */,
				877999CA24B8B3AD00249C83 /* Frameworks */,
				877999CB24B8B3AD00249C83 /* Resources */,
				877999FD24B8B3C300249C83 /* Embed App Extensions */,
			);
			buildRules = (
			);
			dependencies = (
				87799A2124B8B61400249C83 /* PBXTargetDependency */,
			);
			name = CustomFontInWidget;
			productName = CustomFontInWidget;
			productReference = 877999CD24B8B3AD00249C83 /* CustomFontInWidget.app */;
			productType = "com.apple.product-type.application";
		};
		87799A1624B8B61300249C83 /* MyWidgetExtension */ = {
			isa = PBXNativeTarget;
			buildConfigurationList = 87799A2324B8B61400249C83 /* Build configuration list for PBXNativeTarget "MyWidgetExtension" */;
			buildPhases = (
				87799A1324B8B61300249C83 /* Sources */,
				87799A1424B8B61300249C83 /* Frameworks */,
				87799A1524B8B61300249C83 /* Resources */,
			);
			buildRules = (
			);
			dependencies = (
			);
			name = MyWidgetExtension;
			productName = MyWidgetExtension;
			productReference = 87799A1724B8B61300249C83 /* MyWidgetExtension.appex */;
			productType = "com.apple.product-type.app-extension";
		};
/* End PBXNativeTarget section */

/* Begin PBXProject section */
		877999C524B8B3AC00249C83 /* Project object */ = {
			isa = PBXProject;
			attributes = {
				LastSwiftUpdateCheck = 1200;
				LastUpgradeCheck = 1200;
				TargetAttributes = {
					877999CC24B8B3AD00249C83 = {
						CreatedOnToolsVersion = 12.0;
					};
					87799A1624B8B61300249C83 = {
						CreatedOnToolsVersion = 12.0;
					};
				};
			};
			buildConfigurationList = 877999C824B8B3AC00249C83 /* Build configuration list for PBXProject "CustomFontInWidget" */;
			compatibilityVersion = "Xcode 9.3";
			developmentRegion = en;
			hasScannedForEncodings = 0;
			knownRegions = (
				en,
				Base,
			);
			mainGroup = 877999C424B8B3AC00249C83;
			productRefGroup = 877999CE24B8B3AD00249C83 /* Products */;
			projectDirPath = "";
			projectRoot = "";
			targets = (
				877999CC24B8B3AD00249C83 /* CustomFontInWidget */,
				87799A1624B8B61300249C83 /* MyWidgetExtension */,
			);
		};
/* End PBXProject section */

/* Begin PBXResourcesBuildPhase section */
		877999CB24B8B3AD00249C83 /* Resources */ = {
			isa = PBXResourcesBuildPhase;
			buildActionMask = 2147483647;
			files = (
				877999DD24B8B3AD00249C83 /* LaunchScreen.storyboard in Resources */,
				877999DA24B8B3AD00249C83 /* Assets.xcassets in Resources */,
				877999D824B8B3AD00249C83 /* Main.storyboard in Resources */,
			);
			runOnlyForDeploymentPostprocessing = 0;
		};
		87799A1524B8B61300249C83 /* Resources */ = {
			isa = PBXResourcesBuildPhase;
			buildActionMask = 2147483647;
			files = (
				87799A1E24B8B61400249C83 /* Assets.xcassets in Resources */,
				87799A2624B8B67700249C83 /* din1451alt.ttf in Resources */,
			);
			runOnlyForDeploymentPostprocessing = 0;
		};
/* End PBXResourcesBuildPhase section */

/* Begin PBXSourcesBuildPhase section */
		877999C924B8B3AD00249C83 /* Sources */ = {
			isa = PBXSourcesBuildPhase;
			buildActionMask = 2147483647;
			files = (
				877999D524B8B3AD00249C83 /* ViewController.swift in Sources */,
				877999D124B8B3AD00249C83 /* AppDelegate.swift in Sources */,
				877999D324B8B3AD00249C83 /* SceneDelegate.swift in Sources */,
			);
			runOnlyForDeploymentPostprocessing = 0;
		};
		87799A1324B8B61300249C83 /* Sources */ = {
			isa = PBXSourcesBuildPhase;
			buildActionMask = 2147483647;
			files = (
				87799A1C24B8B61300249C83 /* MyWidget.swift in Sources */,
			);
			runOnlyForDeploymentPostprocessing = 0;
		};
/* End PBXSourcesBuildPhase section */

/* Begin PBXTargetDependency section */
		87799A2124B8B61400249C83 /* PBXTargetDependency */ = {
			isa = PBXTargetDependency;
			target = 87799A1624B8B61300249C83 /* MyWidgetExtension */;
			targetProxy = 87799A2024B8B61400249C83 /* PBXContainerItemProxy */;
		};
/* End PBXTargetDependency section */

/* Begin PBXVariantGroup section */
		877999D624B8B3AD00249C83 /* Main.storyboard */ = {
			isa = PBXVariantGroup;
			children = (
				877999D724B8B3AD00249C83 /* Base */,
			);
			name = Main.storyboard;
			sourceTree = "<group>";
		};
		877999DB24B8B3AD00249C83 /* LaunchScreen.storyboard */ = {
			isa = PBXVariantGroup;
			children = (
				877999DC24B8B3AD00249C83 /* Base */,
			);
			name = LaunchScreen.storyboard;
			sourceTree = "<group>";
		};
/* End PBXVariantGroup section */

/* Begin XCBuildConfiguration section */
		877999DF24B8B3AD00249C83 /* Debug */ = {
			isa = XCBuildConfiguration;
			buildSettings = {
				ALWAYS_SEARCH_USER_PATHS = NO;
				CLANG_ANALYZER_NONNULL = YES;
				CLANG_ANALYZER_NUMBER_OBJECT_CONVERSION = YES_AGGRESSIVE;
				CLANG_CXX_LANGUAGE_STANDARD = "gnu++14";
				CLANG_CXX_LIBRARY = "libc++";
				CLANG_ENABLE_MODULES = YES;
				CLANG_ENABLE_OBJC_ARC = YES;
				CLANG_ENABLE_OBJC_WEAK = YES;
				CLANG_WARN_BLOCK_CAPTURE_AUTORELEASING = YES;
				CLANG_WARN_BOOL_CONVERSION = YES;
				CLANG_WARN_COMMA = YES;
				CLANG_WARN_CONSTANT_CONVERSION = YES;
				CLANG_WARN_DEPRECATED_OBJC_IMPLEMENTATIONS = YES;
				CLANG_WARN_DIRECT_OBJC_ISA_USAGE = YES_ERROR;
				CLANG_WARN_DOCUMENTATION_COMMENTS = YES;
				CLANG_WARN_EMPTY_BODY = YES;
				CLANG_WARN_ENUM_CONVERSION = YES;
				CLANG_WARN_INFINITE_RECURSION = YES;
				CLANG_WARN_INT_CONVERSION = YES;
				CLANG_WARN_NON_LITERAL_NULL_CONVERSION = YES;
				CLANG_WARN_OBJC_IMPLICIT_RETAIN_SELF = YES;
				CLANG_WARN_OBJC_LITERAL_CONVERSION = YES;
				CLANG_WARN_OBJC_ROOT_CLASS = YES_ERROR;
				CLANG_WARN_QUOTED_INCLUDE_IN_FRAMEWORK_HEADER = YES;
				CLANG_WARN_RANGE_LOOP_ANALYSIS = YES;
				CLANG_WARN_STRICT_PROTOTYPES = YES;
				CLANG_WARN_SUSPICIOUS_MOVE = YES;
				CLANG_WARN_UNGUARDED_AVAILABILITY = YES_AGGRESSIVE;
				CLANG_WARN_UNREACHABLE_CODE = YES;
				CLANG_WARN__DUPLICATE_METHOD_MATCH = YES;
				COPY_PHASE_STRIP = NO;
				DEBUG_INFORMATION_FORMAT = dwarf;
				ENABLE_STRICT_OBJC_MSGSEND = YES;
				ENABLE_TESTABILITY = YES;
				GCC_C_LANGUAGE_STANDARD = gnu11;
				GCC_DYNAMIC_NO_PIC = NO;
				GCC_NO_COMMON_BLOCKS = YES;
				GCC_OPTIMIZATION_LEVEL = 0;
				GCC_PREPROCESSOR_DEFINITIONS = (
					"DEBUG=1",
					"$(inherited)",
				);
				GCC_WARN_64_TO_32_BIT_CONVERSION = YES;
				GCC_WARN_ABOUT_RETURN_TYPE = YES_ERROR;
				GCC_WARN_UNDECLARED_SELECTOR = YES;
				GCC_WARN_UNINITIALIZED_AUTOS = YES_AGGRESSIVE;
				GCC_WARN_UNUSED_FUNCTION = YES;
				GCC_WARN_UNUSED_VARIABLE = YES;
				IPHONEOS_DEPLOYMENT_TARGET = 14.0;
				MTL_ENABLE_DEBUG_INFO = INCLUDE_SOURCE;
				MTL_FAST_MATH = YES;
				ONLY_ACTIVE_ARCH = YES;
				SDKROOT = iphoneos;
				SWIFT_ACTIVE_COMPILATION_CONDITIONS = DEBUG;
				SWIFT_OPTIMIZATION_LEVEL = "-Onone";
			};
			name = Debug;
		};
		877999E024B8B3AD00249C83 /* Release */ = {
			isa = XCBuildConfiguration;
			buildSettings = {
				ALWAYS_SEARCH_USER_PATHS = NO;
				CLANG_ANALYZER_NONNULL = YES;
				CLANG_ANALYZER_NUMBER_OBJECT_CONVERSION = YES_AGGRESSIVE;
				CLANG_CXX_LANGUAGE_STANDARD = "gnu++14";
				CLANG_CXX_LIBRARY = "libc++";
				CLANG_ENABLE_MODULES = YES;
				CLANG_ENABLE_OBJC_ARC = YES;
				CLANG_ENABLE_OBJC_WEAK = YES;
				CLANG_WARN_BLOCK_CAPTURE_AUTORELEASING = YES;
				CLANG_WARN_BOOL_CONVERSION = YES;
				CLANG_WARN_COMMA = YES;
				CLANG_WARN_CONSTANT_CONVERSION = YES;
				CLANG_WARN_DEPRECATED_OBJC_IMPLEMENTATIONS = YES;
				CLANG_WARN_DIRECT_OBJC_ISA_USAGE = YES_ERROR;
				CLANG_WARN_DOCUMENTATION_COMMENTS = YES;
				CLANG_WARN_EMPTY_BODY = YES;
				CLANG_WARN_ENUM_CONVERSION = YES;
				CLANG_WARN_INFINITE_RECURSION = YES;
				CLANG_WARN_INT_CONVERSION = YES;
				CLANG_WARN_NON_LITERAL_NULL_CONVERSION = YES;
				CLANG_WARN_OBJC_IMPLICIT_RETAIN_SELF = YES;
				CLANG_WARN_OBJC_LITERAL_CONVERSION = YES;
				CLANG_WARN_OBJC_ROOT_CLASS = YES_ERROR;
				CLANG_WARN_QUOTED_INCLUDE_IN_FRAMEWORK_HEADER = YES;
				CLANG_WARN_RANGE_LOOP_ANALYSIS = YES;
				CLANG_WARN_STRICT_PROTOTYPES = YES;
				CLANG_WARN_SUSPICIOUS_MOVE = YES;
				CLANG_WARN_UNGUARDED_AVAILABILITY = YES_AGGRESSIVE;
				CLANG_WARN_UNREACHABLE_CODE = YES;
				CLANG_WARN__DUPLICATE_METHOD_MATCH = YES;
				COPY_PHASE_STRIP = NO;
				DEBUG_INFORMATION_FORMAT = "dwarf-with-dsym";
				ENABLE_NS_ASSERTIONS = NO;
				ENABLE_STRICT_OBJC_MSGSEND = YES;
				GCC_C_LANGUAGE_STANDARD = gnu11;
				GCC_NO_COMMON_BLOCKS = YES;
				GCC_WARN_64_TO_32_BIT_CONVERSION = YES;
				GCC_WARN_ABOUT_RETURN_TYPE = YES_ERROR;
				GCC_WARN_UNDECLARED_SELECTOR = YES;
				GCC_WARN_UNINITIALIZED_AUTOS = YES_AGGRESSIVE;
				GCC_WARN_UNUSED_FUNCTION = YES;
				GCC_WARN_UNUSED_VARIABLE = YES;
				IPHONEOS_DEPLOYMENT_TARGET = 14.0;
				MTL_ENABLE_DEBUG_INFO = NO;
				MTL_FAST_MATH = YES;
				SDKROOT = iphoneos;
				SWIFT_COMPILATION_MODE = wholemodule;
				SWIFT_OPTIMIZATION_LEVEL = "-O";
				VALIDATE_PRODUCT = YES;
			};
			name = Release;
		};
		877999E224B8B3AD00249C83 /* Debug */ = {
			isa = XCBuildConfiguration;
			buildSettings = {
				ALWAYS_EMBED_SWIFT_STANDARD_LIBRARIES = YES;
				ASSETCATALOG_COMPILER_APPICON_NAME = AppIcon;
				ASSETCATALOG_COMPILER_GLOBAL_ACCENT_COLOR_NAME = AccentColor;
				CODE_SIGN_STYLE = Automatic;
				DEVELOPMENT_TEAM = MFRY9RPA96;
				INFOPLIST_FILE = CustomFontInWidget/Info.plist;
				LD_RUNPATH_SEARCH_PATHS = (
					"$(inherited)",
					"@executable_path/Frameworks",
				);
				PRODUCT_BUNDLE_IDENTIFIER = com.fifteenjugglers.CustomFontInWidget;
				PRODUCT_NAME = "$(TARGET_NAME)";
				SWIFT_VERSION = 5.0;
				TARGETED_DEVICE_FAMILY = "1,2";
			};
			name = Debug;
		};
		877999E324B8B3AD00249C83 /* Release */ = {
			isa = XCBuildConfiguration;
			buildSettings = {
				ALWAYS_EMBED_SWIFT_STANDARD_LIBRARIES = YES;
				ASSETCATALOG_COMPILER_APPICON_NAME = AppIcon;
				ASSETCATALOG_COMPILER_GLOBAL_ACCENT_COLOR_NAME = AccentColor;
				CODE_SIGN_STYLE = Automatic;
				DEVELOPMENT_TEAM = MFRY9RPA96;
				INFOPLIST_FILE = CustomFontInWidget/Info.plist;
				LD_RUNPATH_SEARCH_PATHS = (
					"$(inherited)",
					"@executable_path/Frameworks",
				);
				PRODUCT_BUNDLE_IDENTIFIER = com.fifteenjugglers.CustomFontInWidget;
				PRODUCT_NAME = "$(TARGET_NAME)";
				SWIFT_VERSION = 5.0;
				TARGETED_DEVICE_FAMILY = "1,2";
			};
			name = Release;
		};
		87799A2424B8B61400249C83 /* Debug */ = {
			isa = XCBuildConfiguration;
			buildSettings = {
				ASSETCATALOG_COMPILER_GLOBAL_ACCENT_COLOR_NAME = AccentColor;
				ASSETCATALOG_COMPILER_WIDGET_BACKGROUND_COLOR_NAME = WidgetBackground;
				CODE_SIGN_STYLE = Automatic;
				DEVELOPMENT_TEAM = MFRY9RPA96;
				INFOPLIST_FILE = MyWidget/Info.plist;
				LD_RUNPATH_SEARCH_PATHS = (
					"$(inherited)",
					"@executable_path/Frameworks",
					"@executable_path/../../Frameworks",
				);
				PRODUCT_BUNDLE_IDENTIFIER = com.fifteenjugglers.CustomFontInWidget.MyWidget;
				PRODUCT_NAME = "$(TARGET_NAME)";
				SKIP_INSTALL = YES;
				SWIFT_VERSION = 5.0;
				TARGETED_DEVICE_FAMILY = "1,2";
			};
			name = Debug;
		};
		87799A2524B8B61400249C83 /* Release */ = {
			isa = XCBuildConfiguration;
			buildSettings = {
				ASSETCATALOG_COMPILER_GLOBAL_ACCENT_COLOR_NAME = AccentColor;
				ASSETCATALOG_COMPILER_WIDGET_BACKGROUND_COLOR_NAME = WidgetBackground;
				CODE_SIGN_STYLE = Automatic;
				DEVELOPMENT_TEAM = MFRY9RPA96;
				INFOPLIST_FILE = MyWidget/Info.plist;
				LD_RUNPATH_SEARCH_PATHS = (
					"$(inherited)",
					"@executable_path/Frameworks",
					"@executable_path/../../Frameworks",
				);
				PRODUCT_BUNDLE_IDENTIFIER = com.fifteenjugglers.CustomFontInWidget.MyWidget;
				PRODUCT_NAME = "$(TARGET_NAME)";
				SKIP_INSTALL = YES;
				SWIFT_VERSION = 5.0;
				TARGETED_DEVICE_FAMILY = "1,2";
			};
			name = Release;
		};
/* End XCBuildConfiguration section */

/* Begin XCConfigurationList section */
		877999C824B8B3AC00249C83 /* Build configuration list for PBXProject "CustomFontInWidget" */ = {
			isa = XCConfigurationList;
			buildConfigurations = (
				877999DF24B8B3AD00249C83 /* Debug */,
				877999E024B8B3AD00249C83 /* Release */,
			);
			defaultConfigurationIsVisible = 0;
			defaultConfigurationName = Release;
		};
		877999E124B8B3AD00249C83 /* Build configuration list for PBXNativeTarget "CustomFontInWidget" */ = {
			isa = XCConfigurationList;
			buildConfigurations = (
				877999E224B8B3AD00249C83 /* Debug */,
				877999E324B8B3AD00249C83 /* Release */,
			);
			defaultConfigurationIsVisible = 0;
			defaultConfigurationName = Release;
		};
		87799A2324B8B61400249C83 /* Build configuration list for PBXNativeTarget "MyWidgetExtension" */ = {
			isa = XCConfigurationList;
			buildConfigurations = (
				87799A2424B8B61400249C83 /* Debug */,
				87799A2524B8B61400249C83 /* Release */,
			);
			defaultConfigurationIsVisible = 0;
			defaultConfigurationName = Release;
		};
/* End XCConfigurationList section */
	};
	rootObject = 877999C524B8B3AC00249C83 /* Project object */;
}
